
Microsoft Visual Studio Solution File, Format Version 12.00
# Visual Studio Version 17
VisualStudioVersion = 17.10.34928.147
MinimumVisualStudioVersion = 10.0.40219.1
Project("{9A19103F-16F7-4668-BE54-9A1E7A4F7556}") = "Poyecto", "Poyecto.csproj", "{C5A8810D-89DA-415C-9F65-9D31D27891FB}"
EndProject
Global
	GlobalSection(SolutionConfigurationPlatforms) = preSolution
		Debug|Any CPU = Debug|Any CPU
		Release|Any CPU = Release|Any CPU
	EndGlobalSection
	GlobalSection(ProjectConfigurationPlatforms) = postSolution
		{C5A8810D-89DA-415C-9F65-9D31D27891FB}.Debug|Any CPU.ActiveCfg = Debug|Any CPU
		{C5A8810D-89DA-415C-9F65-9D31D27891FB}.Debug|Any CPU.Build.0 = Debug|Any CPU
		{C5A8810D-89DA-415C-9F65-9D31D27891FB}.Release|Any CPU.ActiveCfg = Release|Any CPU
		{C5A8810D-89DA-415C-9F65-9D31D27891FB}.Release|Any CPU.Build.0 = Release|Any CPU
	EndGlobalSection
	GlobalSection(SolutionProperties) = preSolution
		HideSolutionNode = FALSE
	EndGlobalSection
	GlobalSection(ExtensibilityGlobals) = postSolution
		SolutionGuid = {00A82F71-6D65-4DCC-AF30-801F200CDEBE}
	EndGlobalSection
EndGlobal
